// !$*UTF8*$!
{
	archiveVersion = 1;
	classes = {
	};
	objectVersion = 54;
	objects = {

/* Begin PBXBuildFile section */
		13B07FBC1A68108700A75B9A /* AppDelegate.mm in Sources */ = {isa = PBXBuildFile; fileRef = 13B07FB01A68108700A75B9A /* AppDelegate.mm */; };
		13B07FBF1A68108700A75B9A /* Images.xcassets in Resources */ = {isa = PBXBuildFile; fileRef = 13B07FB51A68108700A75B9A /* Images.xcassets */; };
		13B07FC11A68108700A75B9A /* main.m in Sources */ = {isa = PBXBuildFile; fileRef = 13B07FB71A68108700A75B9A /* main.m */; };
		20E556262AC55766007416B1 /* InstabugSessionReplayTests.m in Sources */ = {isa = PBXBuildFile; fileRef = 20E556252AC55766007416B1 /* InstabugSessionReplayTests.m */; };
		81AB9BB82411601600AC10FF /* LaunchScreen.storyboard in Resources */ = {isa = PBXBuildFile; fileRef = 81AB9BB72411601600AC10FF /* LaunchScreen.storyboard */; };
		C3C8CCF379347A4DF9D2A39D /* CrashReportingExampleModule.m in Sources */ = {isa = PBXBuildFile; fileRef = C3C8C24386310A3120006604 /* CrashReportingExampleModule.m */; };
		CC3DF88E2A1DFC9A003E9914 /* InstabugCrashReportingTests.m in Sources */ = {isa = PBXBuildFile; fileRef = CC3DF8852A1DFC99003E9914 /* InstabugCrashReportingTests.m */; };
		CC3DF88F2A1DFC9A003E9914 /* InstabugBugReportingTests.m in Sources */ = {isa = PBXBuildFile; fileRef = CC3DF8862A1DFC99003E9914 /* InstabugBugReportingTests.m */; };
		CC3DF8902A1DFC9A003E9914 /* InstabugSampleTests.m in Sources */ = {isa = PBXBuildFile; fileRef = CC3DF8872A1DFC99003E9914 /* InstabugSampleTests.m */; };
		CC3DF8912A1DFC9A003E9914 /* InstabugFeatureRequestsTests.m in Sources */ = {isa = PBXBuildFile; fileRef = CC3DF8882A1DFC99003E9914 /* InstabugFeatureRequestsTests.m */; };
		CC3DF8922A1DFC9A003E9914 /* InstabugRepliesTests.m in Sources */ = {isa = PBXBuildFile; fileRef = CC3DF88A2A1DFC99003E9914 /* InstabugRepliesTests.m */; };
		CC3DF8932A1DFC9A003E9914 /* InstabugSurveysTests.m in Sources */ = {isa = PBXBuildFile; fileRef = CC3DF88B2A1DFC99003E9914 /* InstabugSurveysTests.m */; };
		CC3DF8942A1DFC9A003E9914 /* InstabugAPMTests.m in Sources */ = {isa = PBXBuildFile; fileRef = CC3DF88C2A1DFC99003E9914 /* InstabugAPMTests.m */; };
		CC3DF8952A1DFC9A003E9914 /* IBGConstants.m in Sources */ = {isa = PBXBuildFile; fileRef = CC3DF88D2A1DFC9A003E9914 /* IBGConstants.m */; };
		CCF1E4092B022CF20024802D /* RNInstabugTests.m in Sources */ = {isa = PBXBuildFile; fileRef = CCF1E4082B022CF20024802D /* RNInstabugTests.m */; };
		CD36F4707EA1F435D2CC7A15 /* libPods-InstabugExample-InstabugTests.a in Frameworks */ = {isa = PBXBuildFile; fileRef = 3AF7A6E02D40E0CEEA833CC4 /* libPods-InstabugExample-InstabugTests.a */; };
		F7BF47401EF3A435254C97BB /* libPods-InstabugExample.a in Frameworks */ = {isa = PBXBuildFile; fileRef = BAED0D0441A708AE2390E153 /* libPods-InstabugExample.a */; };
/* End PBXBuildFile section */

/* Begin PBXContainerItemProxy section */
		00E356F41AD99517003FC87E /* PBXContainerItemProxy */ = {
			isa = PBXContainerItemProxy;
			containerPortal = 83CBB9F71A601CBA00E9B192 /* Project object */;
			proxyType = 1;
			remoteGlobalIDString = 13B07F861A680F5B00A75B9A;
			remoteInfo = InstabugExample;
		};
/* End PBXContainerItemProxy section */

/* Begin PBXFileReference section */
		00E356EE1AD99517003FC87E /* InstabugTests.xctest */ = {isa = PBXFileReference; explicitFileType = wrapper.cfbundle; includeInIndex = 0; path = InstabugTests.xctest; sourceTree = BUILT_PRODUCTS_DIR; };
		00E356F11AD99517003FC87E /* Info.plist */ = {isa = PBXFileReference; lastKnownFileType = text.plist.xml; path = Info.plist; sourceTree = "<group>"; };
		13B07F961A680F5B00A75B9A /* InstabugExample.app */ = {isa = PBXFileReference; explicitFileType = wrapper.application; includeInIndex = 0; path = InstabugExample.app; sourceTree = BUILT_PRODUCTS_DIR; };
		13B07FAF1A68108700A75B9A /* AppDelegate.h */ = {isa = PBXFileReference; fileEncoding = 4; lastKnownFileType = sourcecode.c.h; name = AppDelegate.h; path = InstabugExample/AppDelegate.h; sourceTree = "<group>"; };
		13B07FB01A68108700A75B9A /* AppDelegate.mm */ = {isa = PBXFileReference; fileEncoding = 4; lastKnownFileType = sourcecode.cpp.objcpp; name = AppDelegate.mm; path = InstabugExample/AppDelegate.mm; sourceTree = "<group>"; };
		13B07FB51A68108700A75B9A /* Images.xcassets */ = {isa = PBXFileReference; lastKnownFileType = folder.assetcatalog; name = Images.xcassets; path = InstabugExample/Images.xcassets; sourceTree = "<group>"; };
		13B07FB61A68108700A75B9A /* Info.plist */ = {isa = PBXFileReference; fileEncoding = 4; lastKnownFileType = text.plist.xml; name = Info.plist; path = InstabugExample/Info.plist; sourceTree = "<group>"; };
		13B07FB71A68108700A75B9A /* main.m */ = {isa = PBXFileReference; fileEncoding = 4; lastKnownFileType = sourcecode.c.objc; name = main.m; path = InstabugExample/main.m; sourceTree = "<group>"; };
		20E556252AC55766007416B1 /* InstabugSessionReplayTests.m */ = {isa = PBXFileReference; fileEncoding = 4; lastKnownFileType = sourcecode.c.objc; path = InstabugSessionReplayTests.m; sourceTree = "<group>"; };
		3AF7A6E02D40E0CEEA833CC4 /* libPods-InstabugExample-InstabugTests.a */ = {isa = PBXFileReference; explicitFileType = archive.ar; includeInIndex = 0; path = "libPods-InstabugExample-InstabugTests.a"; sourceTree = BUILT_PRODUCTS_DIR; };
		4FC6A9E6B294FF9929A1423D /* Pods-InstabugExample-InstabugTests.debug.xcconfig */ = {isa = PBXFileReference; includeInIndex = 1; lastKnownFileType = text.xcconfig; name = "Pods-InstabugExample-InstabugTests.debug.xcconfig"; path = "Target Support Files/Pods-InstabugExample-InstabugTests/Pods-InstabugExample-InstabugTests.debug.xcconfig"; sourceTree = "<group>"; };
		81AB9BB72411601600AC10FF /* LaunchScreen.storyboard */ = {isa = PBXFileReference; fileEncoding = 4; lastKnownFileType = file.storyboard; name = LaunchScreen.storyboard; path = InstabugExample/LaunchScreen.storyboard; sourceTree = "<group>"; };
		9A3D962AB03F97E25566779F /* Pods-InstabugExample.debug.xcconfig */ = {isa = PBXFileReference; includeInIndex = 1; lastKnownFileType = text.xcconfig; name = "Pods-InstabugExample.debug.xcconfig"; path = "Target Support Files/Pods-InstabugExample/Pods-InstabugExample.debug.xcconfig"; sourceTree = "<group>"; };
		BAED0D0441A708AE2390E153 /* libPods-InstabugExample.a */ = {isa = PBXFileReference; explicitFileType = archive.ar; includeInIndex = 0; path = "libPods-InstabugExample.a"; sourceTree = BUILT_PRODUCTS_DIR; };
		BD54B44E2DF85672BB2D4DEE /* Pods-InstabugExample.release.xcconfig */ = {isa = PBXFileReference; includeInIndex = 1; lastKnownFileType = text.xcconfig; name = "Pods-InstabugExample.release.xcconfig"; path = "Target Support Files/Pods-InstabugExample/Pods-InstabugExample.release.xcconfig"; sourceTree = "<group>"; };
		BE3328762BDACE030078249A /* IBGCrashReporting+CP.h */ = {isa = PBXFileReference; fileEncoding = 4; lastKnownFileType = sourcecode.c.h; path = "IBGCrashReporting+CP.h"; sourceTree = "<group>"; };
		C3C8C24386310A3120006604 /* CrashReportingExampleModule.m */ = {isa = PBXFileReference; fileEncoding = 4; lastKnownFileType = sourcecode.c.objc; path = CrashReportingExampleModule.m; sourceTree = "<group>"; };
		C3C8C784EADC037C5A752B94 /* CrashReportingExampleModule.h */ = {isa = PBXFileReference; fileEncoding = 4; lastKnownFileType = sourcecode.c.h; path = CrashReportingExampleModule.h; sourceTree = "<group>"; };
		CC3DF8852A1DFC99003E9914 /* InstabugCrashReportingTests.m */ = {isa = PBXFileReference; fileEncoding = 4; lastKnownFileType = sourcecode.c.objc; path = InstabugCrashReportingTests.m; sourceTree = "<group>"; };
		CC3DF8862A1DFC99003E9914 /* InstabugBugReportingTests.m */ = {isa = PBXFileReference; fileEncoding = 4; lastKnownFileType = sourcecode.c.objc; path = InstabugBugReportingTests.m; sourceTree = "<group>"; };
		CC3DF8872A1DFC99003E9914 /* InstabugSampleTests.m */ = {isa = PBXFileReference; fileEncoding = 4; lastKnownFileType = sourcecode.c.objc; path = InstabugSampleTests.m; sourceTree = "<group>"; };
		CC3DF8882A1DFC99003E9914 /* InstabugFeatureRequestsTests.m */ = {isa = PBXFileReference; fileEncoding = 4; lastKnownFileType = sourcecode.c.objc; path = InstabugFeatureRequestsTests.m; sourceTree = "<group>"; };
		CC3DF8892A1DFC99003E9914 /* IBGConstants.h */ = {isa = PBXFileReference; fileEncoding = 4; lastKnownFileType = sourcecode.c.h; path = IBGConstants.h; sourceTree = "<group>"; };
		CC3DF88A2A1DFC99003E9914 /* InstabugRepliesTests.m */ = {isa = PBXFileReference; fileEncoding = 4; lastKnownFileType = sourcecode.c.objc; path = InstabugRepliesTests.m; sourceTree = "<group>"; };
		CC3DF88B2A1DFC99003E9914 /* InstabugSurveysTests.m */ = {isa = PBXFileReference; fileEncoding = 4; lastKnownFileType = sourcecode.c.objc; path = InstabugSurveysTests.m; sourceTree = "<group>"; };
		CC3DF88C2A1DFC99003E9914 /* InstabugAPMTests.m */ = {isa = PBXFileReference; fileEncoding = 4; lastKnownFileType = sourcecode.c.objc; path = InstabugAPMTests.m; sourceTree = "<group>"; };
		CC3DF88D2A1DFC9A003E9914 /* IBGConstants.m */ = {isa = PBXFileReference; fileEncoding = 4; lastKnownFileType = sourcecode.c.objc; path = IBGConstants.m; sourceTree = "<group>"; };
		CCF1E4082B022CF20024802D /* RNInstabugTests.m */ = {isa = PBXFileReference; lastKnownFileType = sourcecode.c.objc; path = RNInstabugTests.m; sourceTree = "<group>"; };
		DBCB1B1D023646D84146C91E /* Pods-InstabugExample-InstabugTests.release.xcconfig */ = {isa = PBXFileReference; includeInIndex = 1; lastKnownFileType = text.xcconfig; name = "Pods-InstabugExample-InstabugTests.release.xcconfig"; path = "Target Support Files/Pods-InstabugExample-InstabugTests/Pods-InstabugExample-InstabugTests.release.xcconfig"; sourceTree = "<group>"; };
		ED297162215061F000B7C4FE /* JavaScriptCore.framework */ = {isa = PBXFileReference; lastKnownFileType = wrapper.framework; name = JavaScriptCore.framework; path = System/Library/Frameworks/JavaScriptCore.framework; sourceTree = SDKROOT; };
/* End PBXFileReference section */

/* Begin PBXFrameworksBuildPhase section */
		00E356EB1AD99517003FC87E /* Frameworks */ = {
			isa = PBXFrameworksBuildPhase;
			buildActionMask = 2147483647;
			files = (
				CD36F4707EA1F435D2CC7A15 /* libPods-InstabugExample-InstabugTests.a in Frameworks */,
			);
			runOnlyForDeploymentPostprocessing = 0;
		};
		13B07F8C1A680F5B00A75B9A /* Frameworks */ = {
			isa = PBXFrameworksBuildPhase;
			buildActionMask = 2147483647;
			files = (
				F7BF47401EF3A435254C97BB /* libPods-InstabugExample.a in Frameworks */,
			);
			runOnlyForDeploymentPostprocessing = 0;
		};
/* End PBXFrameworksBuildPhase section */

/* Begin PBXGroup section */
		00E356EF1AD99517003FC87E /* InstabugTests */ = {
			isa = PBXGroup;
			children = (
				BE3328752BDACE030078249A /* Util */,
				CC3DF8892A1DFC99003E9914 /* IBGConstants.h */,
				CC3DF88D2A1DFC9A003E9914 /* IBGConstants.m */,
				CC3DF88C2A1DFC99003E9914 /* InstabugAPMTests.m */,
				CC3DF8862A1DFC99003E9914 /* InstabugBugReportingTests.m */,
				CC3DF8852A1DFC99003E9914 /* InstabugCrashReportingTests.m */,
				CC3DF8882A1DFC99003E9914 /* InstabugFeatureRequestsTests.m */,
				CC3DF88A2A1DFC99003E9914 /* InstabugRepliesTests.m */,
				20E556252AC55766007416B1 /* InstabugSessionReplayTests.m */,
				CC3DF8872A1DFC99003E9914 /* InstabugSampleTests.m */,
				CC3DF88B2A1DFC99003E9914 /* InstabugSurveysTests.m */,
				00E356F01AD99517003FC87E /* Supporting Files */,
				CCF1E4082B022CF20024802D /* RNInstabugTests.m */,
			);
			path = InstabugTests;
			sourceTree = "<group>";
		};
		00E356F01AD99517003FC87E /* Supporting Files */ = {
			isa = PBXGroup;
			children = (
				00E356F11AD99517003FC87E /* Info.plist */,
			);
			name = "Supporting Files";
			sourceTree = "<group>";
		};
		13B07FAE1A68108700A75B9A /* InstabugExample */ = {
			isa = PBXGroup;
			children = (
				13B07FAF1A68108700A75B9A /* AppDelegate.h */,
				13B07FB01A68108700A75B9A /* AppDelegate.mm */,
				13B07FB51A68108700A75B9A /* Images.xcassets */,
				13B07FB61A68108700A75B9A /* Info.plist */,
				81AB9BB72411601600AC10FF /* LaunchScreen.storyboard */,
				13B07FB71A68108700A75B9A /* main.m */,
				C3C8C1DDCEA91410F27A3683 /* native */,
			);
			name = InstabugExample;
			sourceTree = "<group>";
		};
		2D16E6871FA4F8E400B85C8A /* Frameworks */ = {
			isa = PBXGroup;
			children = (
				ED297162215061F000B7C4FE /* JavaScriptCore.framework */,
				BAED0D0441A708AE2390E153 /* libPods-InstabugExample.a */,
				3AF7A6E02D40E0CEEA833CC4 /* libPods-InstabugExample-InstabugTests.a */,
			);
			name = Frameworks;
			sourceTree = "<group>";
		};
		832341AE1AAA6A7D00B99B32 /* Libraries */ = {
			isa = PBXGroup;
			children = (
			);
			name = Libraries;
			sourceTree = "<group>";
		};
		83CBB9F61A601CBA00E9B192 = {
			isa = PBXGroup;
			children = (
				13B07FAE1A68108700A75B9A /* InstabugExample */,
				832341AE1AAA6A7D00B99B32 /* Libraries */,
				00E356EF1AD99517003FC87E /* InstabugTests */,
				83CBBA001A601CBA00E9B192 /* Products */,
				2D16E6871FA4F8E400B85C8A /* Frameworks */,
				BBD78D7AC51CEA395F1C20DB /* Pods */,
			);
			indentWidth = 2;
			sourceTree = "<group>";
			tabWidth = 2;
			usesTabs = 0;
		};
		83CBBA001A601CBA00E9B192 /* Products */ = {
			isa = PBXGroup;
			children = (
				13B07F961A680F5B00A75B9A /* InstabugExample.app */,
				00E356EE1AD99517003FC87E /* InstabugTests.xctest */,
			);
			name = Products;
			sourceTree = "<group>";
		};
		BBD78D7AC51CEA395F1C20DB /* Pods */ = {
			isa = PBXGroup;
			children = (
				9A3D962AB03F97E25566779F /* Pods-InstabugExample.debug.xcconfig */,
				BD54B44E2DF85672BB2D4DEE /* Pods-InstabugExample.release.xcconfig */,
				4FC6A9E6B294FF9929A1423D /* Pods-InstabugExample-InstabugTests.debug.xcconfig */,
				DBCB1B1D023646D84146C91E /* Pods-InstabugExample-InstabugTests.release.xcconfig */,
			);
			path = Pods;
			sourceTree = "<group>";
		};
		BE3328752BDACE030078249A /* Util */ = {
			isa = PBXGroup;
			children = (
				BE3328762BDACE030078249A /* IBGCrashReporting+CP.h */,
			);
			path = Util;
			sourceTree = "<group>";
		};
		C3C8C1DDCEA91410F27A3683 /* native */ = {
			isa = PBXGroup;
			children = (
				C3C8C784EADC037C5A752B94 /* CrashReportingExampleModule.h */,
				C3C8C24386310A3120006604 /* CrashReportingExampleModule.m */,
			);
			path = native;
			sourceTree = "<group>";
		};
/* End PBXGroup section */

/* Begin PBXNativeTarget section */
		00E356ED1AD99517003FC87E /* InstabugTests */ = {
			isa = PBXNativeTarget;
			buildConfigurationList = 00E357021AD99517003FC87E /* Build configuration list for PBXNativeTarget "InstabugTests" */;
			buildPhases = (
				4DE333F1038E813908FD6E02 /* [CP] Check Pods Manifest.lock */,
				00E356EA1AD99517003FC87E /* Sources */,
				00E356EB1AD99517003FC87E /* Frameworks */,
				00E356EC1AD99517003FC87E /* Resources */,
				B77A7BA143DBD17E8AAFD0B4 /* [CP] Embed Pods Frameworks */,
				1B716B93CEB36F7B6BF97196 /* [CP] Copy Pods Resources */,
			);
			buildRules = (
			);
			dependencies = (
				00E356F51AD99517003FC87E /* PBXTargetDependency */,
			);
			name = InstabugTests;
			productName = InstabugExampleTests;
			productReference = 00E356EE1AD99517003FC87E /* InstabugTests.xctest */;
			productType = "com.apple.product-type.bundle.unit-test";
		};
		13B07F861A680F5B00A75B9A /* InstabugExample */ = {
			isa = PBXNativeTarget;
			buildConfigurationList = 13B07F931A680F5B00A75B9A /* Build configuration list for PBXNativeTarget "InstabugExample" */;
			buildPhases = (
				8A0C035CDD1B88604A0FAD14 /* [CP] Check Pods Manifest.lock */,
				FD10A7F022414F080027D42C /* Start Packager */,
				13B07F871A680F5B00A75B9A /* Sources */,
				13B07F8C1A680F5B00A75B9A /* Frameworks */,
				13B07F8E1A680F5B00A75B9A /* Resources */,
				00DD1BFF1BD5951E006B06BC /* Bundle React Native code and images */,
				9B6F0E9077EA2ACF0B8BD0D4 /* [CP] Embed Pods Frameworks */,
				949A70D67C81681F83D686C1 /* [CP] Copy Pods Resources */,
				B36AC0FB2D0AD9C221259F14 /* [CP-User] [instabug-reactnative] Upload Sourcemap */,
			);
			buildRules = (
			);
			dependencies = (
			);
			name = InstabugExample;
			productName = InstabugExample;
			productReference = 13B07F961A680F5B00A75B9A /* InstabugExample.app */;
			productType = "com.apple.product-type.application";
		};
/* End PBXNativeTarget section */

/* Begin PBXProject section */
		83CBB9F71A601CBA00E9B192 /* Project object */ = {
			isa = PBXProject;
			attributes = {
				LastUpgradeCheck = 1210;
				TargetAttributes = {
					00E356ED1AD99517003FC87E = {
						CreatedOnToolsVersion = 6.2;
						TestTargetID = 13B07F861A680F5B00A75B9A;
					};
					13B07F861A680F5B00A75B9A = {
						LastSwiftMigration = 1120;
					};
				};
			};
			buildConfigurationList = 83CBB9FA1A601CBA00E9B192 /* Build configuration list for PBXProject "InstabugExample" */;
			compatibilityVersion = "Xcode 12.0";
			developmentRegion = en;
			hasScannedForEncodings = 0;
			knownRegions = (
				en,
				Base,
			);
			mainGroup = 83CBB9F61A601CBA00E9B192;
			productRefGroup = 83CBBA001A601CBA00E9B192 /* Products */;
			projectDirPath = "";
			projectRoot = "";
			targets = (
				13B07F861A680F5B00A75B9A /* InstabugExample */,
				00E356ED1AD99517003FC87E /* InstabugTests */,
			);
		};
/* End PBXProject section */

/* Begin PBXResourcesBuildPhase section */
		00E356EC1AD99517003FC87E /* Resources */ = {
			isa = PBXResourcesBuildPhase;
			buildActionMask = 2147483647;
			files = (
			);
			runOnlyForDeploymentPostprocessing = 0;
		};
		13B07F8E1A680F5B00A75B9A /* Resources */ = {
			isa = PBXResourcesBuildPhase;
			buildActionMask = 2147483647;
			files = (
				81AB9BB82411601600AC10FF /* LaunchScreen.storyboard in Resources */,
				13B07FBF1A68108700A75B9A /* Images.xcassets in Resources */,
			);
			runOnlyForDeploymentPostprocessing = 0;
		};
/* End PBXResourcesBuildPhase section */

/* Begin PBXShellScriptBuildPhase section */
		00DD1BFF1BD5951E006B06BC /* Bundle React Native code and images */ = {
			isa = PBXShellScriptBuildPhase;
			buildActionMask = 2147483647;
			files = (
			);
			inputPaths = (
				"$(SRCROOT)/.xcode.env.local",
				"$(SRCROOT)/.xcode.env",
			);
			name = "Bundle React Native code and images";
			outputPaths = (
			);
			runOnlyForDeploymentPostprocessing = 0;
			shellPath = /bin/sh;
			shellScript = "set -e\n\nWITH_ENVIRONMENT=\"../node_modules/react-native/scripts/xcode/with-environment.sh\"\nREACT_NATIVE_XCODE=\"../node_modules/react-native/scripts/react-native-xcode.sh\"\n\n/bin/sh -c \"$WITH_ENVIRONMENT $REACT_NATIVE_XCODE\"\n";
		};
		1B716B93CEB36F7B6BF97196 /* [CP] Copy Pods Resources */ = {
			isa = PBXShellScriptBuildPhase;
			buildActionMask = 2147483647;
			files = (
			);
			inputFileListPaths = (
				"${PODS_ROOT}/Target Support Files/Pods-InstabugExample-InstabugTests/Pods-InstabugExample-InstabugTests-resources-${CONFIGURATION}-input-files.xcfilelist",
			);
			name = "[CP] Copy Pods Resources";
			outputFileListPaths = (
				"${PODS_ROOT}/Target Support Files/Pods-InstabugExample-InstabugTests/Pods-InstabugExample-InstabugTests-resources-${CONFIGURATION}-output-files.xcfilelist",
			);
			runOnlyForDeploymentPostprocessing = 0;
			shellPath = /bin/sh;
			shellScript = "\"${PODS_ROOT}/Target Support Files/Pods-InstabugExample-InstabugTests/Pods-InstabugExample-InstabugTests-resources.sh\"\n";
			showEnvVarsInLog = 0;
		};
		4DE333F1038E813908FD6E02 /* [CP] Check Pods Manifest.lock */ = {
			isa = PBXShellScriptBuildPhase;
			buildActionMask = 2147483647;
			files = (
			);
			inputFileListPaths = (
			);
			inputPaths = (
				"${PODS_PODFILE_DIR_PATH}/Podfile.lock",
				"${PODS_ROOT}/Manifest.lock",
			);
			name = "[CP] Check Pods Manifest.lock";
			outputFileListPaths = (
			);
			outputPaths = (
				"$(DERIVED_FILE_DIR)/Pods-InstabugExample-InstabugTests-checkManifestLockResult.txt",
			);
			runOnlyForDeploymentPostprocessing = 0;
			shellPath = /bin/sh;
			shellScript = "diff \"${PODS_PODFILE_DIR_PATH}/Podfile.lock\" \"${PODS_ROOT}/Manifest.lock\" > /dev/null\nif [ $? != 0 ] ; then\n    # print error to STDERR\n    echo \"error: The sandbox is not in sync with the Podfile.lock. Run 'pod install' or update your CocoaPods installation.\" >&2\n    exit 1\nfi\n# This output is used by Xcode 'outputs' to avoid re-running this script phase.\necho \"SUCCESS\" > \"${SCRIPT_OUTPUT_FILE_0}\"\n";
			showEnvVarsInLog = 0;
		};
		8A0C035CDD1B88604A0FAD14 /* [CP] Check Pods Manifest.lock */ = {
			isa = PBXShellScriptBuildPhase;
			buildActionMask = 2147483647;
			files = (
			);
			inputFileListPaths = (
			);
			inputPaths = (
				"${PODS_PODFILE_DIR_PATH}/Podfile.lock",
				"${PODS_ROOT}/Manifest.lock",
			);
			name = "[CP] Check Pods Manifest.lock";
			outputFileListPaths = (
			);
			outputPaths = (
				"$(DERIVED_FILE_DIR)/Pods-InstabugExample-checkManifestLockResult.txt",
			);
			runOnlyForDeploymentPostprocessing = 0;
			shellPath = /bin/sh;
			shellScript = "diff \"${PODS_PODFILE_DIR_PATH}/Podfile.lock\" \"${PODS_ROOT}/Manifest.lock\" > /dev/null\nif [ $? != 0 ] ; then\n    # print error to STDERR\n    echo \"error: The sandbox is not in sync with the Podfile.lock. Run 'pod install' or update your CocoaPods installation.\" >&2\n    exit 1\nfi\n# This output is used by Xcode 'outputs' to avoid re-running this script phase.\necho \"SUCCESS\" > \"${SCRIPT_OUTPUT_FILE_0}\"\n";
			showEnvVarsInLog = 0;
		};
		949A70D67C81681F83D686C1 /* [CP] Copy Pods Resources */ = {
			isa = PBXShellScriptBuildPhase;
			buildActionMask = 2147483647;
			files = (
			);
			inputFileListPaths = (
				"${PODS_ROOT}/Target Support Files/Pods-InstabugExample/Pods-InstabugExample-resources-${CONFIGURATION}-input-files.xcfilelist",
			);
			name = "[CP] Copy Pods Resources";
			outputFileListPaths = (
				"${PODS_ROOT}/Target Support Files/Pods-InstabugExample/Pods-InstabugExample-resources-${CONFIGURATION}-output-files.xcfilelist",
			);
			runOnlyForDeploymentPostprocessing = 0;
			shellPath = /bin/sh;
			shellScript = "\"${PODS_ROOT}/Target Support Files/Pods-InstabugExample/Pods-InstabugExample-resources.sh\"\n";
			showEnvVarsInLog = 0;
		};
		9B6F0E9077EA2ACF0B8BD0D4 /* [CP] Embed Pods Frameworks */ = {
			isa = PBXShellScriptBuildPhase;
			buildActionMask = 2147483647;
			files = (
			);
			inputFileListPaths = (
				"${PODS_ROOT}/Target Support Files/Pods-InstabugExample/Pods-InstabugExample-frameworks-${CONFIGURATION}-input-files.xcfilelist",
			);
			name = "[CP] Embed Pods Frameworks";
			outputFileListPaths = (
				"${PODS_ROOT}/Target Support Files/Pods-InstabugExample/Pods-InstabugExample-frameworks-${CONFIGURATION}-output-files.xcfilelist",
			);
			runOnlyForDeploymentPostprocessing = 0;
			shellPath = /bin/sh;
			shellScript = "\"${PODS_ROOT}/Target Support Files/Pods-InstabugExample/Pods-InstabugExample-frameworks.sh\"\n";
			showEnvVarsInLog = 0;
		};
		B36AC0FB2D0AD9C221259F14 /* [CP-User] [instabug-reactnative] Upload Sourcemap */ = {
			isa = PBXShellScriptBuildPhase;
			buildActionMask = 2147483647;
			files = (
			);
			name = "[CP-User] [instabug-reactnative] Upload Sourcemap";
			runOnlyForDeploymentPostprocessing = 0;
			shellPath = /bin/sh;
			shellScript = "#!/bin/sh\n\nmain() {\n  # Read environment variables from ios/.xcode.env if it exists\n  env_path=\"$PODS_ROOT/../.xcode.env\"\n  if [ -f \"$env_path\" ]; then\n      source \"$env_path\"\n  fi\n\n  # Read environment variables from ios/.xcode.env.local if it exists\n  local_env_path=\"${ENV_PATH}.local\"\n  if [ -f \"$local_env_path\" ]; then\n      source \"$local_env_path\"\n  fi\n\n  if [[ \"$INSTABUG_SOURCEMAPS_UPLOAD_DISABLE\" = true ]]; then\n    echo \"[Info] \\`INSTABUG_SOURCEMAPS_UPLOAD_DISABLE\\` was set to true, skipping sourcemaps upload...\"\n    exit 0\n  fi\n\n  if [[ \"$CONFIGURATION\" = \"Debug\" ]]; then\n    echo \"[Info] Building in debug mode, skipping sourcemaps upload...\"\n    exit 0\n  fi\n\n  if [[ -z \"$INFOPLIST_FILE\" ]] || [[ -z \"$PROJECT_DIR\" ]]; then\n    echo \"[Error] Instabug sourcemaps script must be invoked by Xcode\"\n    exit 0\n  fi\n\n  local source_map_file=$(generate_sourcemaps | tail -n 1)\n\n  local js_project_dir=\"$PROJECT_DIR/..\"\n  local instabug_dir=$(dirname $(node -p \"require.resolve('instabug-reactnative/package.json')\"))\n  local inferred_token=$(cd $js_project_dir && source $instabug_dir/scripts/find-token.sh)\n  local app_token=$(resolve_var \"App Token\" \"INSTABUG_APP_TOKEN\" \"$inferred_token\" | tail -n 1)\n\n  local inferred_name=$(/usr/libexec/PlistBuddy -c 'print CFBundleShortVersionString' \"$PROJECT_DIR/$INFOPLIST_FILE\")\n  local version_name=$(resolve_var \"Version Name\" \"INSTABUG_APP_VERSION_NAME\" \"$inferred_name\" | tail -n 1)\n\n  local inferred_code=$(/usr/libexec/PlistBuddy -c 'print CFBundleVersion' \"$PROJECT_DIR/$INFOPLIST_FILE\")\n  local version_code=$(resolve_var \"Version Code\" \"INSTABUG_APP_VERSION_CODE\" \"$inferred_code\" | tail -n 1)\n\n  node $instabug_dir/bin/index.js upload-sourcemaps \\\n      --platform ios \\\n      --file $source_map_file \\\n      --token $app_token \\\n      --name $version_name \\\n      --code $version_code\n}\n\ngenerate_sourcemaps() {\n  local react_native_dir=$(dirname $(node -p \"require.resolve('react-native/package.json')\"))\n\n  # Fixes an issue with react-native prior to v0.67.0\n  # For more info: https://github.com/facebook/react-native/issues/32168\n  export RN_DIR=$react_native_dir\n\n  # Used withing `react-native-xcode.sh` to generate sourcemap file\n  export SOURCEMAP_FILE=\"$(pwd)/main.jsbundle.map\";\n\n  source \"$react_native_dir/scripts/react-native-xcode.sh\"\n\n  if [[ ! -f \"$SOURCEMAP_FILE\" ]]; then\n    echo \"[Error] Unable to find source map file at: $SOURCEMAP_FILE\"\n    exit 0\n  fi\n\n  echo $SOURCEMAP_FILE\n}\n\nresolve_var() {\n  local name=$1\n  local env_key=$2\n  local default_value=$3\n\n  local env_value=\"${!env_key}\"\n\n  if [[ -n \"$env_value\" ]] &&  [[ -n \"$default_value\" ]]  && [[ \"$env_value\" != default_value ]]; then\n    echo \"[Warning] Environment variable \\`$env_key\\` might have incorrect value, make sure this was intentional:\"\n    echo \"   Environment Value: $env_value\"\n    echo \"   Default Value: $default_value\"\n  fi\n\n  local value=\"${env_value:-$default_value}\"\n\n  if [[ -z \"$value\" ]]; then\n    echo \"[Error] Unable to find $name! Set the environment variable \\`$env_key\\` and try again.\"\n    exit 0\n  fi\n\n  echo $value\n}\n\nmain \"$@\"; exit\n";
		};
		B77A7BA143DBD17E8AAFD0B4 /* [CP] Embed Pods Frameworks */ = {
			isa = PBXShellScriptBuildPhase;
			buildActionMask = 2147483647;
			files = (
			);
			inputFileListPaths = (
				"${PODS_ROOT}/Target Support Files/Pods-InstabugExample-InstabugTests/Pods-InstabugExample-InstabugTests-frameworks-${CONFIGURATION}-input-files.xcfilelist",
			);
			name = "[CP] Embed Pods Frameworks";
			outputFileListPaths = (
				"${PODS_ROOT}/Target Support Files/Pods-InstabugExample-InstabugTests/Pods-InstabugExample-InstabugTests-frameworks-${CONFIGURATION}-output-files.xcfilelist",
			);
			runOnlyForDeploymentPostprocessing = 0;
			shellPath = /bin/sh;
			shellScript = "\"${PODS_ROOT}/Target Support Files/Pods-InstabugExample-InstabugTests/Pods-InstabugExample-InstabugTests-frameworks.sh\"\n";
			showEnvVarsInLog = 0;
		};
		FD10A7F022414F080027D42C /* Start Packager */ = {
			isa = PBXShellScriptBuildPhase;
			buildActionMask = 2147483647;
			files = (
			);
			inputFileListPaths = (
			);
			inputPaths = (
			);
			name = "Start Packager";
			outputFileListPaths = (
			);
			outputPaths = (
			);
			runOnlyForDeploymentPostprocessing = 0;
			shellPath = /bin/sh;
			shellScript = "export RCT_METRO_PORT=\"${RCT_METRO_PORT:=8081}\"\necho \"export RCT_METRO_PORT=${RCT_METRO_PORT}\" > \"${SRCROOT}/../node_modules/react-native/scripts/.packager.env\"\nif [ -z \"${RCT_NO_LAUNCH_PACKAGER+xxx}\" ] ; then\n  if nc -w 5 -z localhost ${RCT_METRO_PORT} ; then\n    if ! curl -s \"http://localhost:${RCT_METRO_PORT}/status\" | grep -q \"packager-status:running\" ; then\n      echo \"Port ${RCT_METRO_PORT} already in use, packager is either not running or not running correctly\"\n      exit 2\n    fi\n  else\n    open \"$SRCROOT/../node_modules/react-native/scripts/launchPackager.command\" || echo \"Can't start packager automatically\"\n  fi\nfi\n";
			showEnvVarsInLog = 0;
		};
/* End PBXShellScriptBuildPhase section */

/* Begin PBXSourcesBuildPhase section */
		00E356EA1AD99517003FC87E /* Sources */ = {
			isa = PBXSourcesBuildPhase;
			buildActionMask = 2147483647;
			files = (
				CC3DF8952A1DFC9A003E9914 /* IBGConstants.m in Sources */,
				CC3DF8902A1DFC9A003E9914 /* InstabugSampleTests.m in Sources */,
				CC3DF8912A1DFC9A003E9914 /* InstabugFeatureRequestsTests.m in Sources */,
				CC3DF8932A1DFC9A003E9914 /* InstabugSurveysTests.m in Sources */,
				20E556262AC55766007416B1 /* InstabugSessionReplayTests.m in Sources */,
				CC3DF88F2A1DFC9A003E9914 /* InstabugBugReportingTests.m in Sources */,
				CCF1E4092B022CF20024802D /* RNInstabugTests.m in Sources */,
				CC3DF88E2A1DFC9A003E9914 /* InstabugCrashReportingTests.m in Sources */,
				CC3DF8942A1DFC9A003E9914 /* InstabugAPMTests.m in Sources */,
				CC3DF8922A1DFC9A003E9914 /* InstabugRepliesTests.m in Sources */,
			);
			runOnlyForDeploymentPostprocessing = 0;
		};
		13B07F871A680F5B00A75B9A /* Sources */ = {
			isa = PBXSourcesBuildPhase;
			buildActionMask = 2147483647;
			files = (
				13B07FBC1A68108700A75B9A /* AppDelegate.mm in Sources */,
				13B07FC11A68108700A75B9A /* main.m in Sources */,
				C3C8CCF379347A4DF9D2A39D /* CrashReportingExampleModule.m in Sources */,
			);
			runOnlyForDeploymentPostprocessing = 0;
		};
/* End PBXSourcesBuildPhase section */

/* Begin PBXTargetDependency section */
		00E356F51AD99517003FC87E /* PBXTargetDependency */ = {
			isa = PBXTargetDependency;
			target = 13B07F861A680F5B00A75B9A /* InstabugExample */;
			targetProxy = 00E356F41AD99517003FC87E /* PBXContainerItemProxy */;
		};
/* End PBXTargetDependency section */

/* Begin XCBuildConfiguration section */
		00E356F61AD99517003FC87E /* Debug */ = {
			isa = XCBuildConfiguration;
			baseConfigurationReference = 4FC6A9E6B294FF9929A1423D /* Pods-InstabugExample-InstabugTests.debug.xcconfig */;
			buildSettings = {
				BUNDLE_LOADER = "$(TEST_HOST)";
				GCC_PREPROCESSOR_DEFINITIONS = (
					"DEBUG=1",
					"$(inherited)",
				);
				INFOPLIST_FILE = InstabugTests/Info.plist;
				IPHONEOS_DEPLOYMENT_TARGET = 12.4;
				LD_RUNPATH_SEARCH_PATHS = (
					"$(inherited)",
					"@executable_path/Frameworks",
					"@loader_path/Frameworks",
				);
				OTHER_LDFLAGS = (
					"-ObjC",
					"-lc++",
					"$(inherited)",
				);
				PRODUCT_BUNDLE_IDENTIFIER = "org.reactjs.native.example.$(PRODUCT_NAME:rfc1034identifier)";
				PRODUCT_NAME = "$(TARGET_NAME)";
				TEST_HOST = "$(BUILT_PRODUCTS_DIR)/InstabugExample.app/InstabugExample";
			};
			name = Debug;
		};
		00E356F71AD99517003FC87E /* Release */ = {
			isa = XCBuildConfiguration;
			baseConfigurationReference = DBCB1B1D023646D84146C91E /* Pods-InstabugExample-InstabugTests.release.xcconfig */;
			buildSettings = {
				BUNDLE_LOADER = "$(TEST_HOST)";
				COPY_PHASE_STRIP = NO;
				INFOPLIST_FILE = InstabugTests/Info.plist;
				IPHONEOS_DEPLOYMENT_TARGET = 12.4;
				LD_RUNPATH_SEARCH_PATHS = (
					"$(inherited)",
					"@executable_path/Frameworks",
					"@loader_path/Frameworks",
				);
				OTHER_LDFLAGS = (
					"-ObjC",
					"-lc++",
					"$(inherited)",
				);
				PRODUCT_BUNDLE_IDENTIFIER = "org.reactjs.native.example.$(PRODUCT_NAME:rfc1034identifier)";
				PRODUCT_NAME = "$(TARGET_NAME)";
				TEST_HOST = "$(BUILT_PRODUCTS_DIR)/InstabugExample.app/InstabugExample";
			};
			name = Release;
		};
		13B07F941A680F5B00A75B9A /* Debug */ = {
			isa = XCBuildConfiguration;
			baseConfigurationReference = 9A3D962AB03F97E25566779F /* Pods-InstabugExample.debug.xcconfig */;
			buildSettings = {
				ASSETCATALOG_COMPILER_APPICON_NAME = AppIcon;
				CLANG_ENABLE_MODULES = YES;
				CURRENT_PROJECT_VERSION = 1;
				ENABLE_BITCODE = NO;
				INFOPLIST_FILE = InstabugExample/Info.plist;
				LD_RUNPATH_SEARCH_PATHS = (
					"$(inherited)",
					"@executable_path/Frameworks",
				);
				MARKETING_VERSION = 1.0;
				OTHER_LDFLAGS = (
					"$(inherited)",
					"-ObjC",
					"-lc++",
				);
				PRODUCT_BUNDLE_IDENTIFIER = com.instabug.react.example;
				PRODUCT_NAME = InstabugExample;
				SWIFT_OPTIMIZATION_LEVEL = "-Onone";
				SWIFT_VERSION = 5.0;
				VERSIONING_SYSTEM = "apple-generic";
			};
			name = Debug;
		};
		13B07F951A680F5B00A75B9A /* Release */ = {
			isa = XCBuildConfiguration;
			baseConfigurationReference = BD54B44E2DF85672BB2D4DEE /* Pods-InstabugExample.release.xcconfig */;
			buildSettings = {
				ASSETCATALOG_COMPILER_APPICON_NAME = AppIcon;
				CLANG_ENABLE_MODULES = YES;
				CURRENT_PROJECT_VERSION = 1;
				INFOPLIST_FILE = InstabugExample/Info.plist;
				LD_RUNPATH_SEARCH_PATHS = (
					"$(inherited)",
					"@executable_path/Frameworks",
				);
				MARKETING_VERSION = 1.0;
				OTHER_LDFLAGS = (
					"$(inherited)",
					"-ObjC",
					"-lc++",
				);
				PRODUCT_BUNDLE_IDENTIFIER = com.instabug.react.example;
				PRODUCT_NAME = InstabugExample;
				SWIFT_VERSION = 5.0;
				VERSIONING_SYSTEM = "apple-generic";
			};
			name = Release;
		};
		83CBBA201A601CBA00E9B192 /* Debug */ = {
			isa = XCBuildConfiguration;
			buildSettings = {
				ALWAYS_SEARCH_USER_PATHS = NO;
				CLANG_ANALYZER_LOCALIZABILITY_NONLOCALIZED = YES;
				CLANG_CXX_LANGUAGE_STANDARD = "c++17";
				CLANG_CXX_LIBRARY = "libc++";
				CLANG_ENABLE_MODULES = YES;
				CLANG_ENABLE_OBJC_ARC = YES;
				CLANG_WARN_BLOCK_CAPTURE_AUTORELEASING = YES;
				CLANG_WARN_BOOL_CONVERSION = YES;
				CLANG_WARN_COMMA = YES;
				CLANG_WARN_CONSTANT_CONVERSION = YES;
				CLANG_WARN_DEPRECATED_OBJC_IMPLEMENTATIONS = YES;
				CLANG_WARN_DIRECT_OBJC_ISA_USAGE = YES_ERROR;
				CLANG_WARN_EMPTY_BODY = YES;
				CLANG_WARN_ENUM_CONVERSION = YES;
				CLANG_WARN_INFINITE_RECURSION = YES;
				CLANG_WARN_INT_CONVERSION = YES;
				CLANG_WARN_NON_LITERAL_NULL_CONVERSION = YES;
				CLANG_WARN_OBJC_IMPLICIT_RETAIN_SELF = YES;
				CLANG_WARN_OBJC_LITERAL_CONVERSION = YES;
				CLANG_WARN_OBJC_ROOT_CLASS = YES_ERROR;
				CLANG_WARN_QUOTED_INCLUDE_IN_FRAMEWORK_HEADER = YES;
				CLANG_WARN_RANGE_LOOP_ANALYSIS = YES;
				CLANG_WARN_STRICT_PROTOTYPES = YES;
				CLANG_WARN_SUSPICIOUS_MOVE = YES;
				CLANG_WARN_UNREACHABLE_CODE = YES;
				CLANG_WARN__DUPLICATE_METHOD_MATCH = YES;
				"CODE_SIGN_IDENTITY[sdk=iphoneos*]" = "iPhone Developer";
				COPY_PHASE_STRIP = NO;
				ENABLE_STRICT_OBJC_MSGSEND = YES;
				ENABLE_TESTABILITY = YES;
				"EXCLUDED_ARCHS[sdk=iphonesimulator*]" = i386;
				GCC_C_LANGUAGE_STANDARD = gnu99;
				GCC_DYNAMIC_NO_PIC = NO;
				GCC_NO_COMMON_BLOCKS = YES;
				GCC_OPTIMIZATION_LEVEL = 0;
				GCC_PREPROCESSOR_DEFINITIONS = (
					"DEBUG=1",
					"$(inherited)",
				);
				GCC_SYMBOLS_PRIVATE_EXTERN = NO;
				GCC_WARN_64_TO_32_BIT_CONVERSION = YES;
				GCC_WARN_ABOUT_RETURN_TYPE = YES_ERROR;
				GCC_WARN_UNDECLARED_SELECTOR = YES;
				GCC_WARN_UNINITIALIZED_AUTOS = YES_AGGRESSIVE;
				GCC_WARN_UNUSED_FUNCTION = YES;
				GCC_WARN_UNUSED_VARIABLE = YES;
				IPHONEOS_DEPLOYMENT_TARGET = 12.4;
				LD_RUNPATH_SEARCH_PATHS = (
					/usr/lib/swift,
					"$(inherited)",
				);
				LIBRARY_SEARCH_PATHS = (
					"\"$(SDKROOT)/usr/lib/swift\"",
					"\"$(TOOLCHAIN_DIR)/usr/lib/swift/$(PLATFORM_NAME)\"",
					"\"$(inherited)\"",
				);
				MTL_ENABLE_DEBUG_INFO = YES;
				ONLY_ACTIVE_ARCH = YES;
				OTHER_CFLAGS = "$(inherited)";
				OTHER_CPLUSPLUSFLAGS = (
					"$(OTHER_CFLAGS)",
					"-DFOLLY_NO_CONFIG",
					"-DFOLLY_MOBILE=1",
					"-DFOLLY_USE_LIBCPP=1",
				);
				REACT_NATIVE_PATH = "${PODS_ROOT}/../../node_modules/react-native";
				SDKROOT = iphoneos;
			};
			name = Debug;
		};
		83CBBA211A601CBA00E9B192 /* Release */ = {
			isa = XCBuildConfiguration;
			buildSettings = {
				ALWAYS_SEARCH_USER_PATHS = NO;
				CLANG_ANALYZER_LOCALIZABILITY_NONLOCALIZED = YES;
				CLANG_CXX_LANGUAGE_STANDARD = "c++17";
				CLANG_CXX_LIBRARY = "libc++";
				CLANG_ENABLE_MODULES = YES;
				CLANG_ENABLE_OBJC_ARC = YES;
				CLANG_WARN_BLOCK_CAPTURE_AUTORELEASING = YES;
				CLANG_WARN_BOOL_CONVERSION = YES;
				CLANG_WARN_COMMA = YES;
				CLANG_WARN_CONSTANT_CONVERSION = YES;
				CLANG_WARN_DEPRECATED_OBJC_IMPLEMENTATIONS = YES;
				CLANG_WARN_DIRECT_OBJC_ISA_USAGE = YES_ERROR;
				CLANG_WARN_EMPTY_BODY = YES;
				CLANG_WARN_ENUM_CONVERSION = YES;
				CLANG_WARN_INFINITE_RECURSION = YES;
				CLANG_WARN_INT_CONVERSION = YES;
				CLANG_WARN_NON_LITERAL_NULL_CONVERSION = YES;
				CLANG_WARN_OBJC_IMPLICIT_RETAIN_SELF = YES;
				CLANG_WARN_OBJC_LITERAL_CONVERSION = YES;
				CLANG_WARN_OBJC_ROOT_CLASS = YES_ERROR;
				CLANG_WARN_QUOTED_INCLUDE_IN_FRAMEWORK_HEADER = YES;
				CLANG_WARN_RANGE_LOOP_ANALYSIS = YES;
				CLANG_WARN_STRICT_PROTOTYPES = YES;
				CLANG_WARN_SUSPICIOUS_MOVE = YES;
				CLANG_WARN_UNREACHABLE_CODE = YES;
				CLANG_WARN__DUPLICATE_METHOD_MATCH = YES;
				"CODE_SIGN_IDENTITY[sdk=iphoneos*]" = "iPhone Developer";
				COPY_PHASE_STRIP = YES;
				ENABLE_NS_ASSERTIONS = NO;
				ENABLE_STRICT_OBJC_MSGSEND = YES;
				"EXCLUDED_ARCHS[sdk=iphonesimulator*]" = i386;
				GCC_C_LANGUAGE_STANDARD = gnu99;
				GCC_NO_COMMON_BLOCKS = YES;
				GCC_WARN_64_TO_32_BIT_CONVERSION = YES;
				GCC_WARN_ABOUT_RETURN_TYPE = YES_ERROR;
				GCC_WARN_UNDECLARED_SELECTOR = YES;
				GCC_WARN_UNINITIALIZED_AUTOS = YES_AGGRESSIVE;
				GCC_WARN_UNUSED_FUNCTION = YES;
				GCC_WARN_UNUSED_VARIABLE = YES;
				IPHONEOS_DEPLOYMENT_TARGET = 12.4;
				LD_RUNPATH_SEARCH_PATHS = (
					/usr/lib/swift,
					"$(inherited)",
				);
				LIBRARY_SEARCH_PATHS = (
					"\"$(SDKROOT)/usr/lib/swift\"",
					"\"$(TOOLCHAIN_DIR)/usr/lib/swift/$(PLATFORM_NAME)\"",
					"\"$(inherited)\"",
				);
				MTL_ENABLE_DEBUG_INFO = NO;
				OTHER_CFLAGS = "$(inherited)";
				OTHER_CPLUSPLUSFLAGS = (
					"$(OTHER_CFLAGS)",
					"-DFOLLY_NO_CONFIG",
					"-DFOLLY_MOBILE=1",
					"-DFOLLY_USE_LIBCPP=1",
				);
				REACT_NATIVE_PATH = "${PODS_ROOT}/../../node_modules/react-native";
				SDKROOT = iphoneos;
				VALIDATE_PRODUCT = YES;
			};
			name = Release;
		};
/* End XCBuildConfiguration section */

/* Begin XCConfigurationList section */
		00E357021AD99517003FC87E /* Build configuration list for PBXNativeTarget "InstabugTests" */ = {
			isa = XCConfigurationList;
			buildConfigurations = (
				00E356F61AD99517003FC87E /* Debug */,
				00E356F71AD99517003FC87E /* Release */,
			);
			defaultConfigurationIsVisible = 0;
			defaultConfigurationName = Release;
		};
		13B07F931A680F5B00A75B9A /* Build configuration list for PBXNativeTarget "InstabugExample" */ = {
			isa = XCConfigurationList;
			buildConfigurations = (
				13B07F941A680F5B00A75B9A /* Debug */,
				13B07F951A680F5B00A75B9A /* Release */,
			);
			defaultConfigurationIsVisible = 0;
			defaultConfigurationName = Release;
		};
		83CBB9FA1A601CBA00E9B192 /* Build configuration list for PBXProject "InstabugExample" */ = {
			isa = XCConfigurationList;
			buildConfigurations = (
				83CBBA201A601CBA00E9B192 /* Debug */,
				83CBBA211A601CBA00E9B192 /* Release */,
			);
			defaultConfigurationIsVisible = 0;
			defaultConfigurationName = Release;
		};
/* End XCConfigurationList section */
	};
	rootObject = 83CBB9F71A601CBA00E9B192 /* Project object */;
}
